
Microsoft Visual Studio Solution File, Format Version 12.00
# Visual Studio Version 16
VisualStudioVersion = 25.0.1706.2
MinimumVisualStudioVersion = 10.0.40219.1
Project("{FAE04EC0-301F-11D3-BF4B-00C04F79EFBC}") = "Market", "Market\Market.csproj", "{8B799371-2E15-4B01-9BBC-6B7B5E6230EE}"
EndProject
Global
	GlobalSection(SolutionConfigurationPlatforms) = preSolution
		Debug|Any CPU = Debug|Any CPU
		Release|Any CPU = Release|Any CPU
	EndGlobalSection
	GlobalSection(ProjectConfigurationPlatforms) = postSolution
		{8B799371-2E15-4B01-9BBC-6B7B5E6230EE}.Debug|Any CPU.ActiveCfg = Debug|Any CPU
		{8B799371-2E15-4B01-9BBC-6B7B5E6230EE}.Debug|Any CPU.Build.0 = Debug|Any CPU
		{8B799371-2E15-4B01-9BBC-6B7B5E6230EE}.Release|Any CPU.ActiveCfg = Release|Any CPU
		{8B799371-2E15-4B01-9BBC-6B7B5E6230EE}.Release|Any CPU.Build.0 = Release|Any CPU
	EndGlobalSection
	GlobalSection(SolutionProperties) = preSolution
		HideSolutionNode = FALSE
	EndGlobalSection
	GlobalSection(ExtensibilityGlobals) = postSolution
		SolutionGuid = {6EE5A52A-BEBF-4A07-B94E-CDE0A05B8366}
	EndGlobalSection
EndGlobal
